// !$*UTF8*$!
{
	archiveVersion = 1;
	classes = {
	};
	objectVersion = 56;
	objects = {

/* Begin PBXBuildFile section */
		771D5D8D2B98513A001204F6 /* AppDelegate.swift in Sources */ = {isa = PBXBuildFile; fileRef = 771D5D8C2B98513A001204F6 /* AppDelegate.swift */; };
		771D5D8F2B98513A001204F6 /* SceneDelegate.swift in Sources */ = {isa = PBXBuildFile; fileRef = 771D5D8E2B98513A001204F6 /* SceneDelegate.swift */; };
		771D5D912B98513A001204F6 /* ViewController.swift in Sources */ = {isa = PBXBuildFile; fileRef = 771D5D902B98513A001204F6 /* ViewController.swift */; };
		771D5D942B98513A001204F6 /* Main.storyboard in Resources */ = {isa = PBXBuildFile; fileRef = 771D5D922B98513A001204F6 /* Main.storyboard */; };
		771D5D962B98513B001204F6 /* Assets.xcassets in Resources */ = {isa = PBXBuildFile; fileRef = 771D5D952B98513B001204F6 /* Assets.xcassets */; };
		771D5D992B98513B001204F6 /* LaunchScreen.storyboard in Resources */ = {isa = PBXBuildFile; fileRef = 771D5D972B98513B001204F6 /* LaunchScreen.storyboard */; };
		771D5DA42B98513C001204F6 /* CloneInstagramTests.swift in Sources */ = {isa = PBXBuildFile; fileRef = 771D5DA32B98513C001204F6 /* CloneInstagramTests.swift */; };
		771D5DAE2B98513C001204F6 /* CloneInstagramUITests.swift in Sources */ = {isa = PBXBuildFile; fileRef = 771D5DAD2B98513C001204F6 /* CloneInstagramUITests.swift */; };
		771D5DB02B98513C001204F6 /* CloneInstagramUITestsLaunchTests.swift in Sources */ = {isa = PBXBuildFile; fileRef = 771D5DAF2B98513C001204F6 /* CloneInstagramUITestsLaunchTests.swift */; };
		771D5DC22B985229001204F6 /* TabBarViewController.swift in Sources */ = {isa = PBXBuildFile; fileRef = 771D5DC12B985229001204F6 /* TabBarViewController.swift */; };
		771D5DC52B985278001204F6 /* HomeViewController.swift in Sources */ = {isa = PBXBuildFile; fileRef = 771D5DC42B985278001204F6 /* HomeViewController.swift */; };
		771D5DC72B98527E001204F6 /* HomeViewController.storyboard in Resources */ = {isa = PBXBuildFile; fileRef = 771D5DC62B98527E001204F6 /* HomeViewController.storyboard */; };
		771D5DCA2B985A46001204F6 /* Extension+UIImage.swift in Sources */ = {isa = PBXBuildFile; fileRef = 771D5DC92B985A46001204F6 /* Extension+UIImage.swift */; };
		771D5DCE2B986008001204F6 /* HeaderTableViewCell.swift in Sources */ = {isa = PBXBuildFile; fileRef = 771D5DCD2B986008001204F6 /* HeaderTableViewCell.swift */; };
		771D5DD02B98600C001204F6 /* HeaderTableViewCell.xib in Resources */ = {isa = PBXBuildFile; fileRef = 771D5DCF2B98600C001204F6 /* HeaderTableViewCell.xib */; };
		771D5DD32B986333001204F6 /* StoriesTableViewCell.swift in Sources */ = {isa = PBXBuildFile; fileRef = 771D5DD22B986333001204F6 /* StoriesTableViewCell.swift */; };
		771D5DD52B986337001204F6 /* StoriesTableViewCell.xib in Resources */ = {isa = PBXBuildFile; fileRef = 771D5DD42B986337001204F6 /* StoriesTableViewCell.xib */; };
		771D5DD82B986381001204F6 /* StoryCollectionViewCell.swift in Sources */ = {isa = PBXBuildFile; fileRef = 771D5DD72B986381001204F6 /* StoryCollectionViewCell.swift */; };
		771D5DDA2B986385001204F6 /* StoryCollectionViewCell.xib in Resources */ = {isa = PBXBuildFile; fileRef = 771D5DD92B986385001204F6 /* StoryCollectionViewCell.xib */; };
		771D5DDC2B986496001204F6 /* Extension+UIView.swift in Sources */ = {isa = PBXBuildFile; fileRef = 771D5DDB2B986496001204F6 /* Extension+UIView.swift */; };
		771D5DDE2B9864BA001204F6 /* Extension+UIImageView.swift in Sources */ = {isa = PBXBuildFile; fileRef = 771D5DDD2B9864BA001204F6 /* Extension+UIImageView.swift */; };
		771D5DE12B986C66001204F6 /* ContentTableViewCell.swift in Sources */ = {isa = PBXBuildFile; fileRef = 771D5DE02B986C66001204F6 /* ContentTableViewCell.swift */; };
		771D5DE32B986C76001204F6 /* ContentTableViewCell.xib in Resources */ = {isa = PBXBuildFile; fileRef = 771D5DE22B986C76001204F6 /* ContentTableViewCell.xib */; };
		771D5DE52B9871DD001204F6 /* HomeInteractor.swift in Sources */ = {isa = PBXBuildFile; fileRef = 771D5DE42B9871DD001204F6 /* HomeInteractor.swift */; };
		771D5DE72B98720A001204F6 /* HomePresenter.swift in Sources */ = {isa = PBXBuildFile; fileRef = 771D5DE62B98720A001204F6 /* HomePresenter.swift */; };
		771D5DE92B987337001204F6 /* HomeModels.swift in Sources */ = {isa = PBXBuildFile; fileRef = 771D5DE82B987337001204F6 /* HomeModels.swift */; };
/* End PBXBuildFile section */

/* Begin PBXContainerItemProxy section */
		771D5DA02B98513C001204F6 /* PBXContainerItemProxy */ = {
			isa = PBXContainerItemProxy;
			containerPortal = 771D5D812B98513A001204F6 /* Project object */;
			proxyType = 1;
			remoteGlobalIDString = 771D5D882B98513A001204F6;
			remoteInfo = CloneInstagram;
		};
		771D5DAA2B98513C001204F6 /* PBXContainerItemProxy */ = {
			isa = PBXContainerItemProxy;
			containerPortal = 771D5D812B98513A001204F6 /* Project object */;
			proxyType = 1;
			remoteGlobalIDString = 771D5D882B98513A001204F6;
			remoteInfo = CloneInstagram;
		};
/* End PBXContainerItemProxy section */

/* Begin PBXFileReference section */
		771D5D892B98513A001204F6 /* CloneInstagram.app */ = {isa = PBXFileReference; explicitFileType = wrapper.application; includeInIndex = 0; path = CloneInstagram.app; sourceTree = BUILT_PRODUCTS_DIR; };
		771D5D8C2B98513A001204F6 /* AppDelegate.swift */ = {isa = PBXFileReference; lastKnownFileType = sourcecode.swift; path = AppDelegate.swift; sourceTree = "<group>"; };
		771D5D8E2B98513A001204F6 /* SceneDelegate.swift */ = {isa = PBXFileReference; lastKnownFileType = sourcecode.swift; path = SceneDelegate.swift; sourceTree = "<group>"; };
		771D5D902B98513A001204F6 /* ViewController.swift */ = {isa = PBXFileReference; lastKnownFileType = sourcecode.swift; path = ViewController.swift; sourceTree = "<group>"; };
		771D5D932B98513A001204F6 /* Base */ = {isa = PBXFileReference; lastKnownFileType = file.storyboard; name = Base; path = Base.lproj/Main.storyboard; sourceTree = "<group>"; };
		771D5D952B98513B001204F6 /* Assets.xcassets */ = {isa = PBXFileReference; lastKnownFileType = folder.assetcatalog; path = Assets.xcassets; sourceTree = "<group>"; };
		771D5D982B98513B001204F6 /* Base */ = {isa = PBXFileReference; lastKnownFileType = file.storyboard; name = Base; path = Base.lproj/LaunchScreen.storyboard; sourceTree = "<group>"; };
		771D5D9A2B98513B001204F6 /* Info.plist */ = {isa = PBXFileReference; lastKnownFileType = text.plist.xml; path = Info.plist; sourceTree = "<group>"; };
		771D5D9F2B98513C001204F6 /* CloneInstagramTests.xctest */ = {isa = PBXFileReference; explicitFileType = wrapper.cfbundle; includeInIndex = 0; path = CloneInstagramTests.xctest; sourceTree = BUILT_PRODUCTS_DIR; };
		771D5DA32B98513C001204F6 /* CloneInstagramTests.swift */ = {isa = PBXFileReference; lastKnownFileType = sourcecode.swift; path = CloneInstagramTests.swift; sourceTree = "<group>"; };
		771D5DA92B98513C001204F6 /* CloneInstagramUITests.xctest */ = {isa = PBXFileReference; explicitFileType = wrapper.cfbundle; includeInIndex = 0; path = CloneInstagramUITests.xctest; sourceTree = BUILT_PRODUCTS_DIR; };
		771D5DAD2B98513C001204F6 /* CloneInstagramUITests.swift */ = {isa = PBXFileReference; lastKnownFileType = sourcecode.swift; path = CloneInstagramUITests.swift; sourceTree = "<group>"; };
		771D5DAF2B98513C001204F6 /* CloneInstagramUITestsLaunchTests.swift */ = {isa = PBXFileReference; lastKnownFileType = sourcecode.swift; path = CloneInstagramUITestsLaunchTests.swift; sourceTree = "<group>"; };
		771D5DC12B985229001204F6 /* TabBarViewController.swift */ = {isa = PBXFileReference; lastKnownFileType = sourcecode.swift; path = TabBarViewController.swift; sourceTree = "<group>"; };
		771D5DC42B985278001204F6 /* HomeViewController.swift */ = {isa = PBXFileReference; lastKnownFileType = sourcecode.swift; path = HomeViewController.swift; sourceTree = "<group>"; };
		771D5DC62B98527E001204F6 /* HomeViewController.storyboard */ = {isa = PBXFileReference; lastKnownFileType = file.storyboard; path = HomeViewController.storyboard; sourceTree = "<group>"; };
		771D5DC92B985A46001204F6 /* Extension+UIImage.swift */ = {isa = PBXFileReference; lastKnownFileType = sourcecode.swift; path = "Extension+UIImage.swift"; sourceTree = "<group>"; };
		771D5DCD2B986008001204F6 /* HeaderTableViewCell.swift */ = {isa = PBXFileReference; lastKnownFileType = sourcecode.swift; path = HeaderTableViewCell.swift; sourceTree = "<group>"; };
		771D5DCF2B98600C001204F6 /* HeaderTableViewCell.xib */ = {isa = PBXFileReference; lastKnownFileType = file.xib; path = HeaderTableViewCell.xib; sourceTree = "<group>"; };
		771D5DD22B986333001204F6 /* StoriesTableViewCell.swift */ = {isa = PBXFileReference; lastKnownFileType = sourcecode.swift; path = StoriesTableViewCell.swift; sourceTree = "<group>"; };
		771D5DD42B986337001204F6 /* StoriesTableViewCell.xib */ = {isa = PBXFileReference; lastKnownFileType = file.xib; path = StoriesTableViewCell.xib; sourceTree = "<group>"; };
		771D5DD72B986381001204F6 /* StoryCollectionViewCell.swift */ = {isa = PBXFileReference; lastKnownFileType = sourcecode.swift; path = StoryCollectionViewCell.swift; sourceTree = "<group>"; };
		771D5DD92B986385001204F6 /* StoryCollectionViewCell.xib */ = {isa = PBXFileReference; lastKnownFileType = file.xib; path = StoryCollectionViewCell.xib; sourceTree = "<group>"; };
		771D5DDB2B986496001204F6 /* Extension+UIView.swift */ = {isa = PBXFileReference; lastKnownFileType = sourcecode.swift; path = "Extension+UIView.swift"; sourceTree = "<group>"; };
		771D5DDD2B9864BA001204F6 /* Extension+UIImageView.swift */ = {isa = PBXFileReference; lastKnownFileType = sourcecode.swift; path = "Extension+UIImageView.swift"; sourceTree = "<group>"; };
		771D5DE02B986C66001204F6 /* ContentTableViewCell.swift */ = {isa = PBXFileReference; lastKnownFileType = sourcecode.swift; path = ContentTableViewCell.swift; sourceTree = "<group>"; };
		771D5DE22B986C76001204F6 /* ContentTableViewCell.xib */ = {isa = PBXFileReference; lastKnownFileType = file.xib; path = ContentTableViewCell.xib; sourceTree = "<group>"; };
		771D5DE42B9871DD001204F6 /* HomeInteractor.swift */ = {isa = PBXFileReference; lastKnownFileType = sourcecode.swift; path = HomeInteractor.swift; sourceTree = "<group>"; };
		771D5DE62B98720A001204F6 /* HomePresenter.swift */ = {isa = PBXFileReference; lastKnownFileType = sourcecode.swift; path = HomePresenter.swift; sourceTree = "<group>"; };
		771D5DE82B987337001204F6 /* HomeModels.swift */ = {isa = PBXFileReference; lastKnownFileType = sourcecode.swift; path = HomeModels.swift; sourceTree = "<group>"; };
/* End PBXFileReference section */

/* Begin PBXFrameworksBuildPhase section */
		771D5D862B98513A001204F6 /* Frameworks */ = {
			isa = PBXFrameworksBuildPhase;
			buildActionMask = 2147483647;
			files = (
			);
			runOnlyForDeploymentPostprocessing = 0;
		};
		771D5D9C2B98513C001204F6 /* Frameworks */ = {
			isa = PBXFrameworksBuildPhase;
			buildActionMask = 2147483647;
			files = (
			);
			runOnlyForDeploymentPostprocessing = 0;
		};
		771D5DA62B98513C001204F6 /* Frameworks */ = {
			isa = PBXFrameworksBuildPhase;
			buildActionMask = 2147483647;
			files = (
			);
			runOnlyForDeploymentPostprocessing = 0;
		};
/* End PBXFrameworksBuildPhase section */

/* Begin PBXGroup section */
		771D5D802B98513A001204F6 = {
			isa = PBXGroup;
			children = (
				771D5D8B2B98513A001204F6 /* CloneInstagram */,
				771D5DA22B98513C001204F6 /* CloneInstagramTests */,
				771D5DAC2B98513C001204F6 /* CloneInstagramUITests */,
				771D5D8A2B98513A001204F6 /* Products */,
			);
			sourceTree = "<group>";
		};
		771D5D8A2B98513A001204F6 /* Products */ = {
			isa = PBXGroup;
			children = (
				771D5D892B98513A001204F6 /* CloneInstagram.app */,
				771D5D9F2B98513C001204F6 /* CloneInstagramTests.xctest */,
				771D5DA92B98513C001204F6 /* CloneInstagramUITests.xctest */,
			);
			name = Products;
			sourceTree = "<group>";
		};
		771D5D8B2B98513A001204F6 /* CloneInstagram */ = {
			isa = PBXGroup;
			children = (
				771D5D9A2B98513B001204F6 /* Info.plist */,
				771D5DBF2B9851E3001204F6 /* Assets */,
				771D5DBD2B9851C6001204F6 /* Delegates */,
				771D5DC82B985A25001204F6 /* Extensions */,
				771D5DBE2B9851D9001204F6 /* Main */,
				771D5DBC2B985148001204F6 /* Scenes */,
			);
			path = CloneInstagram;
			sourceTree = "<group>";
		};
		771D5DA22B98513C001204F6 /* CloneInstagramTests */ = {
			isa = PBXGroup;
			children = (
				771D5DA32B98513C001204F6 /* CloneInstagramTests.swift */,
			);
			path = CloneInstagramTests;
			sourceTree = "<group>";
		};
		771D5DAC2B98513C001204F6 /* CloneInstagramUITests */ = {
			isa = PBXGroup;
			children = (
				771D5DAD2B98513C001204F6 /* CloneInstagramUITests.swift */,
				771D5DAF2B98513C001204F6 /* CloneInstagramUITestsLaunchTests.swift */,
			);
			path = CloneInstagramUITests;
			sourceTree = "<group>";
		};
		771D5DBC2B985148001204F6 /* Scenes */ = {
			isa = PBXGroup;
			children = (
				771D5DC32B985269001204F6 /* Home */,
				771D5DC02B9851F4001204F6 /* TabBar */,
			);
			path = Scenes;
			sourceTree = "<group>";
		};
		771D5DBD2B9851C6001204F6 /* Delegates */ = {
			isa = PBXGroup;
			children = (
				771D5D8C2B98513A001204F6 /* AppDelegate.swift */,
				771D5D8E2B98513A001204F6 /* SceneDelegate.swift */,
			);
			path = Delegates;
			sourceTree = "<group>";
		};
		771D5DBE2B9851D9001204F6 /* Main */ = {
			isa = PBXGroup;
			children = (
				771D5D902B98513A001204F6 /* ViewController.swift */,
				771D5D972B98513B001204F6 /* LaunchScreen.storyboard */,
				771D5D922B98513A001204F6 /* Main.storyboard */,
			);
			path = Main;
			sourceTree = "<group>";
		};
		771D5DBF2B9851E3001204F6 /* Assets */ = {
			isa = PBXGroup;
			children = (
				771D5D952B98513B001204F6 /* Assets.xcassets */,
			);
			path = Assets;
			sourceTree = "<group>";
		};
		771D5DC02B9851F4001204F6 /* TabBar */ = {
			isa = PBXGroup;
			children = (
				771D5DC12B985229001204F6 /* TabBarViewController.swift */,
			);
			path = TabBar;
			sourceTree = "<group>";
		};
		771D5DC32B985269001204F6 /* Home */ = {
			isa = PBXGroup;
			children = (
				771D5DCB2B985FF1001204F6 /* Cells */,
				771D5DC62B98527E001204F6 /* HomeViewController.storyboard */,
				771D5DC42B985278001204F6 /* HomeViewController.swift */,
				771D5DE42B9871DD001204F6 /* HomeInteractor.swift */,
				771D5DE62B98720A001204F6 /* HomePresenter.swift */,
				771D5DE82B987337001204F6 /* HomeModels.swift */,
			);
			path = Home;
			sourceTree = "<group>";
		};
		771D5DC82B985A25001204F6 /* Extensions */ = {
			isa = PBXGroup;
			children = (
				771D5DC92B985A46001204F6 /* Extension+UIImage.swift */,
				771D5DDB2B986496001204F6 /* Extension+UIView.swift */,
				771D5DDD2B9864BA001204F6 /* Extension+UIImageView.swift */,
			);
			path = Extensions;
			sourceTree = "<group>";
		};
		771D5DCB2B985FF1001204F6 /* Cells */ = {
			isa = PBXGroup;
			children = (
				771D5DDF2B986C58001204F6 /* Content */,
				771D5DCC2B985FF6001204F6 /* Header */,
				771D5DD12B986322001204F6 /* Stories */,
			);
			path = Cells;
			sourceTree = "<group>";
		};
		771D5DCC2B985FF6001204F6 /* Header */ = {
			isa = PBXGroup;
			children = (
				771D5DCD2B986008001204F6 /* HeaderTableViewCell.swift */,
				771D5DCF2B98600C001204F6 /* HeaderTableViewCell.xib */,
			);
			path = Header;
			sourceTree = "<group>";
		};
		771D5DD12B986322001204F6 /* Stories */ = {
			isa = PBXGroup;
			children = (
				771D5DD62B986370001204F6 /* Item */,
				771D5DD22B986333001204F6 /* StoriesTableViewCell.swift */,
				771D5DD42B986337001204F6 /* StoriesTableViewCell.xib */,
			);
			path = Stories;
			sourceTree = "<group>";
		};
		771D5DD62B986370001204F6 /* Item */ = {
			isa = PBXGroup;
			children = (
				771D5DD72B986381001204F6 /* StoryCollectionViewCell.swift */,
				771D5DD92B986385001204F6 /* StoryCollectionViewCell.xib */,
			);
			path = Item;
			sourceTree = "<group>";
		};
		771D5DDF2B986C58001204F6 /* Content */ = {
			isa = PBXGroup;
			children = (
				771D5DE02B986C66001204F6 /* ContentTableViewCell.swift */,
				771D5DE22B986C76001204F6 /* ContentTableViewCell.xib */,
			);
			path = Content;
			sourceTree = "<group>";
		};
/* End PBXGroup section */

/* Begin PBXNativeTarget section */
		771D5D882B98513A001204F6 /* CloneInstagram */ = {
			isa = PBXNativeTarget;
			buildConfigurationList = 771D5DB32B98513C001204F6 /* Build configuration list for PBXNativeTarget "CloneInstagram" */;
			buildPhases = (
				771D5D852B98513A001204F6 /* Sources */,
				771D5D862B98513A001204F6 /* Frameworks */,
				771D5D872B98513A001204F6 /* Resources */,
			);
			buildRules = (
			);
			dependencies = (
			);
			name = CloneInstagram;
			productName = CloneInstagram;
			productReference = 771D5D892B98513A001204F6 /* CloneInstagram.app */;
			productType = "com.apple.product-type.application";
		};
		771D5D9E2B98513C001204F6 /* CloneInstagramTests */ = {
			isa = PBXNativeTarget;
			buildConfigurationList = 771D5DB62B98513C001204F6 /* Build configuration list for PBXNativeTarget "CloneInstagramTests" */;
			buildPhases = (
				771D5D9B2B98513C001204F6 /* Sources */,
				771D5D9C2B98513C001204F6 /* Frameworks */,
				771D5D9D2B98513C001204F6 /* Resources */,
			);
			buildRules = (
			);
			dependencies = (
				771D5DA12B98513C001204F6 /* PBXTargetDependency */,
			);
			name = CloneInstagramTests;
			productName = CloneInstagramTests;
			productReference = 771D5D9F2B98513C001204F6 /* CloneInstagramTests.xctest */;
			productType = "com.apple.product-type.bundle.unit-test";
		};
		771D5DA82B98513C001204F6 /* CloneInstagramUITests */ = {
			isa = PBXNativeTarget;
			buildConfigurationList = 771D5DB92B98513C001204F6 /* Build configuration list for PBXNativeTarget "CloneInstagramUITests" */;
			buildPhases = (
				771D5DA52B98513C001204F6 /* Sources */,
				771D5DA62B98513C001204F6 /* Frameworks */,
				771D5DA72B98513C001204F6 /* Resources */,
			);
			buildRules = (
			);
			dependencies = (
				771D5DAB2B98513C001204F6 /* PBXTargetDependency */,
			);
			name = CloneInstagramUITests;
			productName = CloneInstagramUITests;
			productReference = 771D5DA92B98513C001204F6 /* CloneInstagramUITests.xctest */;
			productType = "com.apple.product-type.bundle.ui-testing";
		};
/* End PBXNativeTarget section */

/* Begin PBXProject section */
		771D5D812B98513A001204F6 /* Project object */ = {
			isa = PBXProject;
			attributes = {
				BuildIndependentTargetsInParallel = 1;
				LastSwiftUpdateCheck = 1520;
				LastUpgradeCheck = 1520;
				TargetAttributes = {
					771D5D882B98513A001204F6 = {
						CreatedOnToolsVersion = 15.2;
					};
					771D5D9E2B98513C001204F6 = {
						CreatedOnToolsVersion = 15.2;
						TestTargetID = 771D5D882B98513A001204F6;
					};
					771D5DA82B98513C001204F6 = {
						CreatedOnToolsVersion = 15.2;
						TestTargetID = 771D5D882B98513A001204F6;
					};
				};
			};
			buildConfigurationList = 771D5D842B98513A001204F6 /* Build configuration list for PBXProject "CloneInstagram" */;
			compatibilityVersion = "Xcode 14.0";
			developmentRegion = en;
			hasScannedForEncodings = 0;
			knownRegions = (
				en,
				Base,
			);
			mainGroup = 771D5D802B98513A001204F6;
			productRefGroup = 771D5D8A2B98513A001204F6 /* Products */;
			projectDirPath = "";
			projectRoot = "";
			targets = (
				771D5D882B98513A001204F6 /* CloneInstagram */,
				771D5D9E2B98513C001204F6 /* CloneInstagramTests */,
				771D5DA82B98513C001204F6 /* CloneInstagramUITests */,
			);
		};
/* End PBXProject section */

/* Begin PBXResourcesBuildPhase section */
		771D5D872B98513A001204F6 /* Resources */ = {
			isa = PBXResourcesBuildPhase;
			buildActionMask = 2147483647;
			files = (
				771D5DC72B98527E001204F6 /* HomeViewController.storyboard in Resources */,
				771D5D992B98513B001204F6 /* LaunchScreen.storyboard in Resources */,
				771D5D962B98513B001204F6 /* Assets.xcassets in Resources */,
				771D5DD02B98600C001204F6 /* HeaderTableViewCell.xib in Resources */,
				771D5DDA2B986385001204F6 /* StoryCollectionViewCell.xib in Resources */,
				771D5D942B98513A001204F6 /* Main.storyboard in Resources */,
				771D5DD52B986337001204F6 /* StoriesTableViewCell.xib in Resources */,
				771D5DE32B986C76001204F6 /* ContentTableViewCell.xib in Resources */,
			);
			runOnlyForDeploymentPostprocessing = 0;
		};
		771D5D9D2B98513C001204F6 /* Resources */ = {
			isa = PBXResourcesBuildPhase;
			buildActionMask = 2147483647;
			files = (
			);
			runOnlyForDeploymentPostprocessing = 0;
		};
		771D5DA72B98513C001204F6 /* Resources */ = {
			isa = PBXResourcesBuildPhase;
			buildActionMask = 2147483647;
			files = (
			);
			runOnlyForDeploymentPostprocessing = 0;
		};
/* End PBXResourcesBuildPhase section */

/* Begin PBXSourcesBuildPhase section */
		771D5D852B98513A001204F6 /* Sources */ = {
			isa = PBXSourcesBuildPhase;
			buildActionMask = 2147483647;
			files = (
				771D5DC52B985278001204F6 /* HomeViewController.swift in Sources */,
				771D5DE92B987337001204F6 /* HomeModels.swift in Sources */,
				771D5DD32B986333001204F6 /* StoriesTableViewCell.swift in Sources */,
				771D5DDC2B986496001204F6 /* Extension+UIView.swift in Sources */,
				771D5DC22B985229001204F6 /* TabBarViewController.swift in Sources */,
				771D5DDE2B9864BA001204F6 /* Extension+UIImageView.swift in Sources */,
				771D5D912B98513A001204F6 /* ViewController.swift in Sources */,
				771D5DD82B986381001204F6 /* StoryCollectionViewCell.swift in Sources */,
				771D5DE72B98720A001204F6 /* HomePresenter.swift in Sources */,
				771D5DE52B9871DD001204F6 /* HomeInteractor.swift in Sources */,
				771D5DCE2B986008001204F6 /* HeaderTableViewCell.swift in Sources */,
				771D5DCA2B985A46001204F6 /* Extension+UIImage.swift in Sources */,
				771D5D8D2B98513A001204F6 /* AppDelegate.swift in Sources */,
				771D5D8F2B98513A001204F6 /* SceneDelegate.swift in Sources */,
				771D5DE12B986C66001204F6 /* ContentTableViewCell.swift in Sources */,
			);
			runOnlyForDeploymentPostprocessing = 0;
		};
		771D5D9B2B98513C001204F6 /* Sources */ = {
			isa = PBXSourcesBuildPhase;
			buildActionMask = 2147483647;
			files = (
				771D5DA42B98513C001204F6 /* CloneInstagramTests.swift in Sources */,
			);
			runOnlyForDeploymentPostprocessing = 0;
		};
		771D5DA52B98513C001204F6 /* Sources */ = {
			isa = PBXSourcesBuildPhase;
			buildActionMask = 2147483647;
			files = (
				771D5DAE2B98513C001204F6 /* CloneInstagramUITests.swift in Sources */,
				771D5DB02B98513C001204F6 /* CloneInstagramUITestsLaunchTests.swift in Sources */,
			);
			runOnlyForDeploymentPostprocessing = 0;
		};
/* End PBXSourcesBuildPhase section */

/* Begin PBXTargetDependency section */
		771D5DA12B98513C001204F6 /* PBXTargetDependency */ = {
			isa = PBXTargetDependency;
			target = 771D5D882B98513A001204F6 /* CloneInstagram */;
			targetProxy = 771D5DA02B98513C001204F6 /* PBXContainerItemProxy */;
		};
		771D5DAB2B98513C001204F6 /* PBXTargetDependency */ = {
			isa = PBXTargetDependency;
			target = 771D5D882B98513A001204F6 /* CloneInstagram */;
			targetProxy = 771D5DAA2B98513C001204F6 /* PBXContainerItemProxy */;
		};
/* End PBXTargetDependency section */

/* Begin PBXVariantGroup section */
		771D5D922B98513A001204F6 /* Main.storyboard */ = {
			isa = PBXVariantGroup;
			children = (
				771D5D932B98513A001204F6 /* Base */,
			);
			name = Main.storyboard;
			sourceTree = "<group>";
		};
		771D5D972B98513B001204F6 /* LaunchScreen.storyboard */ = {
			isa = PBXVariantGroup;
			children = (
				771D5D982B98513B001204F6 /* Base */,
			);
			name = LaunchScreen.storyboard;
			sourceTree = "<group>";
		};
/* End PBXVariantGroup section */

/* Begin XCBuildConfiguration section */
		771D5DB12B98513C001204F6 /* Debug */ = {
			isa = XCBuildConfiguration;
			buildSettings = {
				ALWAYS_SEARCH_USER_PATHS = NO;
				ASSETCATALOG_COMPILER_GENERATE_SWIFT_ASSET_SYMBOL_EXTENSIONS = YES;
				CLANG_ANALYZER_NONNULL = YES;
				CLANG_ANALYZER_NUMBER_OBJECT_CONVERSION = YES_AGGRESSIVE;
				CLANG_CXX_LANGUAGE_STANDARD = "gnu++20";
				CLANG_ENABLE_MODULES = YES;
				CLANG_ENABLE_OBJC_ARC = YES;
				CLANG_ENABLE_OBJC_WEAK = YES;
				CLANG_WARN_BLOCK_CAPTURE_AUTORELEASING = YES;
				CLANG_WARN_BOOL_CONVERSION = YES;
				CLANG_WARN_COMMA = YES;
				CLANG_WARN_CONSTANT_CONVERSION = YES;
				CLANG_WARN_DEPRECATED_OBJC_IMPLEMENTATIONS = YES;
				CLANG_WARN_DIRECT_OBJC_ISA_USAGE = YES_ERROR;
				CLANG_WARN_DOCUMENTATION_COMMENTS = YES;
				CLANG_WARN_EMPTY_BODY = YES;
				CLANG_WARN_ENUM_CONVERSION = YES;
				CLANG_WARN_INFINITE_RECURSION = YES;
				CLANG_WARN_INT_CONVERSION = YES;
				CLANG_WARN_NON_LITERAL_NULL_CONVERSION = YES;
				CLANG_WARN_OBJC_IMPLICIT_RETAIN_SELF = YES;
				CLANG_WARN_OBJC_LITERAL_CONVERSION = YES;
				CLANG_WARN_OBJC_ROOT_CLASS = YES_ERROR;
				CLANG_WARN_QUOTED_INCLUDE_IN_FRAMEWORK_HEADER = YES;
				CLANG_WARN_RANGE_LOOP_ANALYSIS = YES;
				CLANG_WARN_STRICT_PROTOTYPES = YES;
				CLANG_WARN_SUSPICIOUS_MOVE = YES;
				CLANG_WARN_UNGUARDED_AVAILABILITY = YES_AGGRESSIVE;
				CLANG_WARN_UNREACHABLE_CODE = YES;
				CLANG_WARN__DUPLICATE_METHOD_MATCH = YES;
				COPY_PHASE_STRIP = NO;
				DEBUG_INFORMATION_FORMAT = dwarf;
				ENABLE_STRICT_OBJC_MSGSEND = YES;
				ENABLE_TESTABILITY = YES;
				ENABLE_USER_SCRIPT_SANDBOXING = YES;
				GCC_C_LANGUAGE_STANDARD = gnu17;
				GCC_DYNAMIC_NO_PIC = NO;
				GCC_NO_COMMON_BLOCKS = YES;
				GCC_OPTIMIZATION_LEVEL = 0;
				GCC_PREPROCESSOR_DEFINITIONS = (
					"DEBUG=1",
					"$(inherited)",
				);
				GCC_WARN_64_TO_32_BIT_CONVERSION = YES;
				GCC_WARN_ABOUT_RETURN_TYPE = YES_ERROR;
				GCC_WARN_UNDECLARED_SELECTOR = YES;
				GCC_WARN_UNINITIALIZED_AUTOS = YES_AGGRESSIVE;
				GCC_WARN_UNUSED_FUNCTION = YES;
				GCC_WARN_UNUSED_VARIABLE = YES;
				IPHONEOS_DEPLOYMENT_TARGET = 17.2;
				LOCALIZATION_PREFERS_STRING_CATALOGS = YES;
				MTL_ENABLE_DEBUG_INFO = INCLUDE_SOURCE;
				MTL_FAST_MATH = YES;
				ONLY_ACTIVE_ARCH = YES;
				SDKROOT = iphoneos;
				SWIFT_ACTIVE_COMPILATION_CONDITIONS = "DEBUG $(inherited)";
				SWIFT_OPTIMIZATION_LEVEL = "-Onone";
			};
			name = Debug;
		};
		771D5DB22B98513C001204F6 /* Release */ = {
			isa = XCBuildConfiguration;
			buildSettings = {
				ALWAYS_SEARCH_USER_PATHS = NO;
				ASSETCATALOG_COMPILER_GENERATE_SWIFT_ASSET_SYMBOL_EXTENSIONS = YES;
				CLANG_ANALYZER_NONNULL = YES;
				CLANG_ANALYZER_NUMBER_OBJECT_CONVERSION = YES_AGGRESSIVE;
				CLANG_CXX_LANGUAGE_STANDARD = "gnu++20";
				CLANG_ENABLE_MODULES = YES;
				CLANG_ENABLE_OBJC_ARC = YES;
				CLANG_ENABLE_OBJC_WEAK = YES;
				CLANG_WARN_BLOCK_CAPTURE_AUTORELEASING = YES;
				CLANG_WARN_BOOL_CONVERSION = YES;
				CLANG_WARN_COMMA = YES;
				CLANG_WARN_CONSTANT_CONVERSION = YES;
				CLANG_WARN_DEPRECATED_OBJC_IMPLEMENTATIONS = YES;
				CLANG_WARN_DIRECT_OBJC_ISA_USAGE = YES_ERROR;
				CLANG_WARN_DOCUMENTATION_COMMENTS = YES;
				CLANG_WARN_EMPTY_BODY = YES;
				CLANG_WARN_ENUM_CONVERSION = YES;
				CLANG_WARN_INFINITE_RECURSION = YES;
				CLANG_WARN_INT_CONVERSION = YES;
				CLANG_WARN_NON_LITERAL_NULL_CONVERSION = YES;
				CLANG_WARN_OBJC_IMPLICIT_RETAIN_SELF = YES;
				CLANG_WARN_OBJC_LITERAL_CONVERSION = YES;
				CLANG_WARN_OBJC_ROOT_CLASS = YES_ERROR;
				CLANG_WARN_QUOTED_INCLUDE_IN_FRAMEWORK_HEADER = YES;
				CLANG_WARN_RANGE_LOOP_ANALYSIS = YES;
				CLANG_WARN_STRICT_PROTOTYPES = YES;
				CLANG_WARN_SUSPICIOUS_MOVE = YES;
				CLANG_WARN_UNGUARDED_AVAILABILITY = YES_AGGRESSIVE;
				CLANG_WARN_UNREACHABLE_CODE = YES;
				CLANG_WARN__DUPLICATE_METHOD_MATCH = YES;
				COPY_PHASE_STRIP = NO;
				DEBUG_INFORMATION_FORMAT = "dwarf-with-dsym";
				ENABLE_NS_ASSERTIONS = NO;
				ENABLE_STRICT_OBJC_MSGSEND = YES;
				ENABLE_USER_SCRIPT_SANDBOXING = YES;
				GCC_C_LANGUAGE_STANDARD = gnu17;
				GCC_NO_COMMON_BLOCKS = YES;
				GCC_WARN_64_TO_32_BIT_CONVERSION = YES;
				GCC_WARN_ABOUT_RETURN_TYPE = YES_ERROR;
				GCC_WARN_UNDECLARED_SELECTOR = YES;
				GCC_WARN_UNINITIALIZED_AUTOS = YES_AGGRESSIVE;
				GCC_WARN_UNUSED_FUNCTION = YES;
				GCC_WARN_UNUSED_VARIABLE = YES;
				IPHONEOS_DEPLOYMENT_TARGET = 17.2;
				LOCALIZATION_PREFERS_STRING_CATALOGS = YES;
				MTL_ENABLE_DEBUG_INFO = NO;
				MTL_FAST_MATH = YES;
				SDKROOT = iphoneos;
				SWIFT_COMPILATION_MODE = wholemodule;
				VALIDATE_PRODUCT = YES;
			};
			name = Release;
		};
		771D5DB42B98513C001204F6 /* Debug */ = {
			isa = XCBuildConfiguration;
			buildSettings = {
				ASSETCATALOG_COMPILER_APPICON_NAME = AppIcon;
				ASSETCATALOG_COMPILER_GLOBAL_ACCENT_COLOR_NAME = AccentColor;
				CODE_SIGN_STYLE = Automatic;
				CURRENT_PROJECT_VERSION = 1;
				GENERATE_INFOPLIST_FILE = YES;
				INFOPLIST_FILE = CloneInstagram/Info.plist;
				INFOPLIST_KEY_UIApplicationSupportsIndirectInputEvents = YES;
				INFOPLIST_KEY_UILaunchStoryboardName = LaunchScreen;
				INFOPLIST_KEY_UIMainStoryboardFile = Main;
				INFOPLIST_KEY_UISupportedInterfaceOrientations_iPad = "UIInterfaceOrientationPortrait UIInterfaceOrientationPortraitUpsideDown UIInterfaceOrientationLandscapeLeft UIInterfaceOrientationLandscapeRight";
				INFOPLIST_KEY_UISupportedInterfaceOrientations_iPhone = "UIInterfaceOrientationPortrait UIInterfaceOrientationLandscapeLeft UIInterfaceOrientationLandscapeRight";
				LD_RUNPATH_SEARCH_PATHS = (
					"$(inherited)",
					"@executable_path/Frameworks",
				);
				MARKETING_VERSION = 1.0;
				PRODUCT_BUNDLE_IDENTIFIER = com.visit.CloneInstagram;
				PRODUCT_NAME = "$(TARGET_NAME)";
				SWIFT_EMIT_LOC_STRINGS = YES;
				SWIFT_VERSION = 5.0;
				TARGETED_DEVICE_FAMILY = "1,2";
			};
			name = Debug;
		};
		771D5DB52B98513C001204F6 /* Release */ = {
			isa = XCBuildConfiguration;
			buildSettings = {
				ASSETCATALOG_COMPILER_APPICON_NAME = AppIcon;
				ASSETCATALOG_COMPILER_GLOBAL_ACCENT_COLOR_NAME = AccentColor;
				CODE_SIGN_STYLE = Automatic;
				CURRENT_PROJECT_VERSION = 1;
				GENERATE_INFOPLIST_FILE = YES;
				INFOPLIST_FILE = CloneInstagram/Info.plist;
				INFOPLIST_KEY_UIApplicationSupportsIndirectInputEvents = YES;
				INFOPLIST_KEY_UILaunchStoryboardName = LaunchScreen;
				INFOPLIST_KEY_UIMainStoryboardFile = Main;
				INFOPLIST_KEY_UISupportedInterfaceOrientations_iPad = "UIInterfaceOrientationPortrait UIInterfaceOrientationPortraitUpsideDown UIInterfaceOrientationLandscapeLeft UIInterfaceOrientationLandscapeRight";
				INFOPLIST_KEY_UISupportedInterfaceOrientations_iPhone = "UIInterfaceOrientationPortrait UIInterfaceOrientationLandscapeLeft UIInterfaceOrientationLandscapeRight";
				LD_RUNPATH_SEARCH_PATHS = (
					"$(inherited)",
					"@executable_path/Frameworks",
				);
				MARKETING_VERSION = 1.0;
				PRODUCT_BUNDLE_IDENTIFIER = com.visit.CloneInstagram;
				PRODUCT_NAME = "$(TARGET_NAME)";
				SWIFT_EMIT_LOC_STRINGS = YES;
				SWIFT_VERSION = 5.0;
				TARGETED_DEVICE_FAMILY = "1,2";
			};
			name = Release;
		};
		771D5DB72B98513C001204F6 /* Debug */ = {
			isa = XCBuildConfiguration;
			buildSettings = {
				ALWAYS_EMBED_SWIFT_STANDARD_LIBRARIES = YES;
				BUNDLE_LOADER = "$(TEST_HOST)";
				CODE_SIGN_STYLE = Automatic;
				CURRENT_PROJECT_VERSION = 1;
				GENERATE_INFOPLIST_FILE = YES;
				IPHONEOS_DEPLOYMENT_TARGET = 17.2;
				MARKETING_VERSION = 1.0;
				PRODUCT_BUNDLE_IDENTIFIER = com.visit.CloneInstagramTests;
				PRODUCT_NAME = "$(TARGET_NAME)";
				SWIFT_EMIT_LOC_STRINGS = NO;
				SWIFT_VERSION = 5.0;
				TARGETED_DEVICE_FAMILY = "1,2";
				TEST_HOST = "$(BUILT_PRODUCTS_DIR)/CloneInstagram.app/$(BUNDLE_EXECUTABLE_FOLDER_PATH)/CloneInstagram";
			};
			name = Debug;
		};
		771D5DB82B98513C001204F6 /* Release */ = {
			isa = XCBuildConfiguration;
			buildSettings = {
				ALWAYS_EMBED_SWIFT_STANDARD_LIBRARIES = YES;
				BUNDLE_LOADER = "$(TEST_HOST)";
				CODE_SIGN_STYLE = Automatic;
				CURRENT_PROJECT_VERSION = 1;
				GENERATE_INFOPLIST_FILE = YES;
				IPHONEOS_DEPLOYMENT_TARGET = 17.2;
				MARKETING_VERSION = 1.0;
				PRODUCT_BUNDLE_IDENTIFIER = com.visit.CloneInstagramTests;
				PRODUCT_NAME = "$(TARGET_NAME)";
				SWIFT_EMIT_LOC_STRINGS = NO;
				SWIFT_VERSION = 5.0;
				TARGETED_DEVICE_FAMILY = "1,2";
				TEST_HOST = "$(BUILT_PRODUCTS_DIR)/CloneInstagram.app/$(BUNDLE_EXECUTABLE_FOLDER_PATH)/CloneInstagram";
			};
			name = Release;
		};
		771D5DBA2B98513C001204F6 /* Debug */ = {
			isa = XCBuildConfiguration;
			buildSettings = {
				ALWAYS_EMBED_SWIFT_STANDARD_LIBRARIES = YES;
				CODE_SIGN_STYLE = Automatic;
				CURRENT_PROJECT_VERSION = 1;
				GENERATE_INFOPLIST_FILE = YES;
				MARKETING_VERSION = 1.0;
				PRODUCT_BUNDLE_IDENTIFIER = com.visit.CloneInstagramUITests;
				PRODUCT_NAME = "$(TARGET_NAME)";
				SWIFT_EMIT_LOC_STRINGS = NO;
				SWIFT_VERSION = 5.0;
				TARGETED_DEVICE_FAMILY = "1,2";
				TEST_TARGET_NAME = CloneInstagram;
			};
			name = Debug;
		};
		771D5DBB2B98513C001204F6 /* Release */ = {
			isa = XCBuildConfiguration;
			buildSettings = {
				ALWAYS_EMBED_SWIFT_STANDARD_LIBRARIES = YES;
				CODE_SIGN_STYLE = Automatic;
				CURRENT_PROJECT_VERSION = 1;
				GENERATE_INFOPLIST_FILE = YES;
				MARKETING_VERSION = 1.0;
				PRODUCT_BUNDLE_IDENTIFIER = com.visit.CloneInstagramUITests;
				PRODUCT_NAME = "$(TARGET_NAME)";
				SWIFT_EMIT_LOC_STRINGS = NO;
				SWIFT_VERSION = 5.0;
				TARGETED_DEVICE_FAMILY = "1,2";
				TEST_TARGET_NAME = CloneInstagram;
			};
			name = Release;
		};
/* End XCBuildConfiguration section */

/* Begin XCConfigurationList section */
		771D5D842B98513A001204F6 /* Build configuration list for PBXProject "CloneInstagram" */ = {
			isa = XCConfigurationList;
			buildConfigurations = (
				771D5DB12B98513C001204F6 /* Debug */,
				771D5DB22B98513C001204F6 /* Release */,
			);
			defaultConfigurationIsVisible = 0;
			defaultConfigurationName = Release;
		};
		771D5DB32B98513C001204F6 /* Build configuration list for PBXNativeTarget "CloneInstagram" */ = {
			isa = XCConfigurationList;
			buildConfigurations = (
				771D5DB42B98513C001204F6 /* Debug */,
				771D5DB52B98513C001204F6 /* Release */,
			);
			defaultConfigurationIsVisible = 0;
			defaultConfigurationName = Release;
		};
		771D5DB62B98513C001204F6 /* Build configuration list for PBXNativeTarget "CloneInstagramTests" */ = {
			isa = XCConfigurationList;
			buildConfigurations = (
				771D5DB72B98513C001204F6 /* Debug */,
				771D5DB82B98513C001204F6 /* Release */,
			);
			defaultConfigurationIsVisible = 0;
			defaultConfigurationName = Release;
		};
		771D5DB92B98513C001204F6 /* Build configuration list for PBXNativeTarget "CloneInstagramUITests" */ = {
			isa = XCConfigurationList;
			buildConfigurations = (
				771D5DBA2B98513C001204F6 /* Debug */,
				771D5DBB2B98513C001204F6 /* Release */,
			);
			defaultConfigurationIsVisible = 0;
			defaultConfigurationName = Release;
		};
/* End XCConfigurationList section */
	};
	rootObject = 771D5D812B98513A001204F6 /* Project object */;
}
